
Microsoft Visual Studio Solution File, Format Version 12.00
# Visual Studio 15
VisualStudioVersion = 15.0.26730.16
MinimumVisualStudioVersion = 10.0.40219.1
Project("{FAE04EC0-301F-11D3-BF4B-00C04F79EFBC}") = "DOKuStar.Modules.EmailExport.Writer", "DOKuStar.Modules.EmailExport.Writer\DOKuStar.Modules.EmailExport.Writer.csproj", "{184CC4E6-93DE-47F3-B21D-86AB310AB169}"
EndProject
Project("{FAE04EC0-301F-11D3-BF4B-00C04F79EFBC}") = "CaptureCenter.EmailExport.Adapter", "CaptureCenter.EmailExport.Adapter\CaptureCenter.EmailExport.Adapter.csproj", "{DAD9FF7E-A2ED-4B94-94C6-7C45DB3ABD4D}"
EndProject
Project("{2150E333-8FDC-42A3-9474-1A3956D46DE8}") = "Solution Items", "Solution Items", "{F7307D60-4A4A-4BB3-A0B6-64C7CC0D4CD1}"
	ProjectSection(SolutionItems) = preProject
		ToDo.txt = ToDo.txt
	EndProjectSection
EndProject
Project("{FAE04EC0-301F-11D3-BF4B-00C04F79EFBC}") = "TestEmailExportAdapter", "TestEmailExportAdapter\TestEmailExportAdapter.csproj", "{1ACB2860-F570-4383-ACAA-65E0C365F7EC}"
EndProject
Project("{FAE04EC0-301F-11D3-BF4B-00C04F79EFBC}") = "EmailExportClient", "EmailExportClient\EmailExportClient.csproj", "{D8DEBA8F-0B81-41F8-BE66-6EF7D69E4272}"
EndProject
Project("{FAE04EC0-301F-11D3-BF4B-00C04F79EFBC}") = "TestEmailExportClient", "TestEmailExportClient\TestEmailExportClient.csproj", "{4BC2B2AB-8707-419B-A6E0-202D0EE2BFDE}"
EndProject
Global
	GlobalSection(SolutionConfigurationPlatforms) = preSolution
		Debug|Any CPU = Debug|Any CPU
		Release|Any CPU = Release|Any CPU
	EndGlobalSection
	GlobalSection(ProjectConfigurationPlatforms) = postSolution
		{184CC4E6-93DE-47F3-B21D-86AB310AB169}.Debug|Any CPU.ActiveCfg = Debug|Any CPU
		{184CC4E6-93DE-47F3-B21D-86AB310AB169}.Debug|Any CPU.Build.0 = Debug|Any CPU
		{184CC4E6-93DE-47F3-B21D-86AB310AB169}.Release|Any CPU.ActiveCfg = Release|Any CPU
		{184CC4E6-93DE-47F3-B21D-86AB310AB169}.Release|Any CPU.Build.0 = Release|Any CPU
		{DAD9FF7E-A2ED-4B94-94C6-7C45DB3ABD4D}.Debug|Any CPU.ActiveCfg = Debug|Any CPU
		{DAD9FF7E-A2ED-4B94-94C6-7C45DB3ABD4D}.Debug|Any CPU.Build.0 = Debug|Any CPU
		{DAD9FF7E-A2ED-4B94-94C6-7C45DB3ABD4D}.Release|Any CPU.ActiveCfg = Release|Any CPU
		{DAD9FF7E-A2ED-4B94-94C6-7C45DB3ABD4D}.Release|Any CPU.Build.0 = Release|Any CPU
		{1ACB2860-F570-4383-ACAA-65E0C365F7EC}.Debug|Any CPU.ActiveCfg = Debug|Any CPU
		{1ACB2860-F570-4383-ACAA-65E0C365F7EC}.Debug|Any CPU.Build.0 = Debug|Any CPU
		{1ACB2860-F570-4383-ACAA-65E0C365F7EC}.Release|Any CPU.ActiveCfg = Release|Any CPU
		{1ACB2860-F570-4383-ACAA-65E0C365F7EC}.Release|Any CPU.Build.0 = Release|Any CPU
		{D8DEBA8F-0B81-41F8-BE66-6EF7D69E4272}.Debug|Any CPU.ActiveCfg = Debug|Any CPU
		{D8DEBA8F-0B81-41F8-BE66-6EF7D69E4272}.Debug|Any CPU.Build.0 = Debug|Any CPU
		{D8DEBA8F-0B81-41F8-BE66-6EF7D69E4272}.Release|Any CPU.ActiveCfg = Release|Any CPU
		{D8DEBA8F-0B81-41F8-BE66-6EF7D69E4272}.Release|Any CPU.Build.0 = Release|Any CPU
		{4BC2B2AB-8707-419B-A6E0-202D0EE2BFDE}.Debug|Any CPU.ActiveCfg = Debug|Any CPU
		{4BC2B2AB-8707-419B-A6E0-202D0EE2BFDE}.Debug|Any CPU.Build.0 = Debug|Any CPU
		{4BC2B2AB-8707-419B-A6E0-202D0EE2BFDE}.Release|Any CPU.ActiveCfg = Release|Any CPU
		{4BC2B2AB-8707-419B-A6E0-202D0EE2BFDE}.Release|Any CPU.Build.0 = Release|Any CPU
	EndGlobalSection
	GlobalSection(SolutionProperties) = preSolution
		HideSolutionNode = FALSE
	EndGlobalSection
	GlobalSection(ExtensibilityGlobals) = postSolution
		SolutionGuid = {EC908783-ABCC-4965-B91B-F2192E6208F3}
	EndGlobalSection
EndGlobal
